github.com/Nvveen/Gotty v0.0.0-20120604004816-cd527374f1e5 h1:TngWCqHvy9oXAN6lEVMRuU21PR1EtLVZJmdB18Gu3Rw=
github.com/Nvveen/Gotty v0.0.0-20120604004816-cd527374f1e5/go.mod h1:lmUJ/7eu/Q8D7ML55dXQrVaamCz2vxCfdQBasLZfHKk=
github.com/bbrks/wrap v2.3.0+incompatible h1:9ebLuiUC/fBSu6OeOdD6XG8WRjf3G+wSJO1YZPU2O9I=
github.com/bbrks/wrap v2.3.0+incompatible/go.mod h1:rc//8Fguf02+4sm0fBMyG1TrAaEhe6VTYM35MY10oO4=
github.com/davecgh/go-spew v1.1.1/go.mod h1:J7Y8YcW2NihsgmVo/mv3lAwl/skON4iLHjSsI+c5H38=
github.com/docker/distribution v2.7.0-rc.0.0.20181002220433-1cb4180b1a5b+incompatible h1:n4a7qrsSAlu07ALkG84Ve8cmiDA2KDv2Zbf4OpsOcn8=
github.com/docker/distribution v2.7.0-rc.0.0.20181002220433-1cb4180b1a5b+incompatible/go.mod h1:J2gT2udsDAN96Uj4KfcMRqY0/ypR+oyYUYmja8H+y+w=
github.com/docker/docker v0.7.3-0.20181024032540-785fe99bdb7c h1:/FCO5gfXuQbf+e8uHolv1vEFYSe0KcKPqLuOxhP32gY=
github.com/docker/docker v0.7.3-0.20181024032540-785fe99bdb7c/go.mod h1:eEKB0N0r5NX/I1kEveEz05bcu8tLC/8azJZsviup8Sk=
github.com/docker/go-connections v0.4.0 h1:El9xVISelRB7BuFusrZozjnkIM5YnzCViNKohAFqRJQ=
github.com/docker/go-connections v0.4.0/go.mod h1:Gbd7IOopHjR8Iph03tsViu4nIes5XhDvyHbTtUxmeec=
github.com/docker/go-units v0.3.3 h1:Xk8S3Xj5sLGlG5g67hJmYMmUgXv5N4PhkjJHHqrwnTk=
github.com/docker/go-units v0.3.3/go.mod h1:fgPhTUdO+D/Jk86RDLlptpiXQzgHJF7gydDDbaIK4Dk=
github.com/gogo/protobuf v1.1.1 h1:72R+M5VuhED/KujmZVcIquuo8mBgX4oVda//DQb3PXo=
github.com/gogo/protobuf v1.1.1/go.mod h1:r8qH/GZQm5c6nD/R0oafs1akxWv10x8SbQlK7atdtwQ=
github.com/opencontainers/go-digest v1.0.0-rc1 h1:WzifXhOVOEOuFYOJAW6aQqW0TooG2iki3E3Ii+WN7gQ=
github.com/opencontainers/go-digest v1.0.0-rc1/go.mod h1:cMLVZDEM3+U2I4VmLI6N8jQYUd2OVphdqWwCJHrFt2s=
github.com/opencontainers/image-spec v1.0.1 h1:JMemWkRwHx4Zj+fVxWoMCFm/8sYGGrUVojFA6h/TRcI=
github.com/opencontainers/image-spec v1.0.1/go.mod h1:BtxoFyWECRxE4U/7sNtV5W15zMzWCbyJoFRP3s7yZA0=
github.com/pkg/errors v0.8.0 h1:WdK/asTD0HN+q6hsWO3/vpuAkAr+tw6aNJNDFFf0+qw=
github.com/pkg/errors v0.8.0/go.mod h1:bwawxfHBFNV+L2hUp1rHADufV3IMtnDRdf1r5NINEl0=
github.com/pmezard/go-difflib v1.0.0/go.mod h1:iKH77koFhYxTK1pcRnkKkqfTogsbg7gZNVY4sRDYZ/4=
github.com/stretchr/testify v1.2.2/go.mod h1:a8OnRcib4nhh0OaRAV+Yts87kKdq0PP7pXfy6kDkUVs=
github.com/urfave/cli v1.20.0 h1:fDqGv3UG/4jbVl/QkFwEdddtEDjh/5Ov6X+0B/3bPaw=
github.com/urfave/cli v1.20.0/go.mod h1:70zkFmudgCuE/ngEzBv17Jvp/497gISqfk5gWijbERA=
gitlab.com/gitlab-org/security-products/analyzers/bundler-audit v1.0.0 h1:bcGS6qiKbRq0YhE7OTx8kYvJlju2YMOxZBA7D64zW0U=
gitlab.com/gitlab-org/security-products/analyzers/bundler-audit v1.0.0/go.mod h1:vJPQCfulWEX/O4trkCzdRnrRgJ/U9og0MbsxDqNMmvs=
gitlab.com/gitlab-org/security-products/analyzers/common v1.7.0/go.mod h1:JQ8r1lvHrcCVx1zFfiKHWgrMS2l5XWEJNv48DtGX944=
gitlab.com/gitlab-org/security-products/analyzers/common v1.8.1 h1:qTwoVth5MWSQZaGOnCIXtR9JuRuD6jMJzftOF2I0ecI=
gitlab.com/gitlab-org/security-products/analyzers/common v1.8.1/go.mod h1:XVRB2qsvmCbl0smHxSC8crPM+/ShFz6aHTygTVbYBR8=
gitlab.com/gitlab-org/security-products/analyzers/common/orchestrator v0.0.0-20181210161443-b96aa2b758a7 h1:Qg4jBh+/lYr8OdNapRhRyrFWDFhBu9RmqTty8QlmcP8=
gitlab.com/gitlab-org/security-products/analyzers/common/orchestrator v0.0.0-20181210161443-b96aa2b758a7/go.mod h1:mklBlH2VAb+ungevwp0gQVC2ErR+Fa/YgvULUgt4/v4=
gitlab.com/gitlab-org/security-products/analyzers/common/table v0.0.0-20181210161443-b96aa2b758a7 h1:uleBhfdpMCMrqOwCRPMeuQjT1j6SVI7muOe3SVCl0qg=
gitlab.com/gitlab-org/security-products/analyzers/common/table v0.0.0-20181210161443-b96aa2b758a7/go.mod h1:y+l4mFoWdZQeY2W5kfMaxO7tguaMNUEuKkbnnMk8RNg=
gitlab.com/gitlab-org/security-products/analyzers/gemnasium v1.0.0 h1:2EDYj4+hwWr6FuXA7psigQ59ymZqwNsTKieeKPJ//JE=
gitlab.com/gitlab-org/security-products/analyzers/gemnasium v1.0.0/go.mod h1:p8/HTJb6bFjkZtz1ahXu+jYQAeQKv0XSa8oGpnHXtsk=
gitlab.com/gitlab-org/security-products/analyzers/gemnasium-maven v1.0.0 h1:CyjzOhEkkGJOgwy+Rdxd5GLofomIhjBZgltGirU0KVA=
gitlab.com/gitlab-org/security-products/analyzers/gemnasium-maven v1.0.0/go.mod h1:uAqPflc2/gnAxahUYC/1eJv+KTcuwPsyEz0evt/Xwy0=
gitlab.com/gitlab-org/security-products/analyzers/gemnasium-python v1.0.0 h1:tq80Fkc0HxVOu4wtRHwEe+XKnCFfplQRu/FiGHbzPOk=
gitlab.com/gitlab-org/security-products/analyzers/gemnasium-python v1.0.0/go.mod h1:/ynxOUsxAuWnMnRQBqFp8wv4mkVIk3NOwY2XpcwIUhI=
gitlab.com/gitlab-org/security-products/analyzers/retire.js v1.0.0 h1:Spu0Eih732x/SCqMrVtHPlQGwC4BNYL6ShujtaLkx3Y=
gitlab.com/gitlab-org/security-products/analyzers/retire.js v1.0.0/go.mod h1:5p5tEwTIUZKNreOP1Z6WVNKYZXIFhAgu3J9+4VevohM=
golang.org/x/net v0.0.0-20181201002055-351d144fa1fc h1:a3CU5tJYVj92DY2LaA1kUkrsqD5/3mLDhx2NcNqyW+0=
golang.org/x/net v0.0.0-20181201002055-351d144fa1fc/go.mod h1:mL1N/T3taQHkDXs73rZJwtUhF3w3ftmwwsq0BUmARs4=
golang.org/x/sys v0.0.0-20181128092732-4ed8d59d0b35 h1:YAFjXN64LMvktoUZH9zgY4lGc/msGN7HQfoSuKCgaDU=
golang.org/x/sys v0.0.0-20181128092732-4ed8d59d0b35/go.mod h1:STP8DvDyc/dI5b8T5hshtkjS+E42TnysNCUPdjciGhY=
gopkg.in/guregu/null.v3 v3.4.0/go.mod h1:E4tX2Qe3h7QdL+uZ3a0vqvYwKQsRSQKM5V4YltdgH9Y=
