github.com/Nvveen/Gotty v0.0.0-20120604004816-cd527374f1e5 h1:TngWCqHvy9oXAN6lEVMRuU21PR1EtLVZJmdB18Gu3Rw=
github.com/Nvveen/Gotty v0.0.0-20120604004816-cd527374f1e5/go.mod h1:lmUJ/7eu/Q8D7ML55dXQrVaamCz2vxCfdQBasLZfHKk=
github.com/bbrks/wrap v2.3.0+incompatible h1:9ebLuiUC/fBSu6OeOdD6XG8WRjf3G+wSJO1YZPU2O9I=
github.com/bbrks/wrap v2.3.0+incompatible/go.mod h1:rc//8Fguf02+4sm0fBMyG1TrAaEhe6VTYM35MY10oO4=
github.com/davecgh/go-spew v1.1.1/go.mod h1:J7Y8YcW2NihsgmVo/mv3lAwl/skON4iLHjSsI+c5H38=
github.com/docker/distribution v2.7.0-rc.0.0.20181002220433-1cb4180b1a5b+incompatible/go.mod h1:J2gT2udsDAN96Uj4KfcMRqY0/ypR+oyYUYmja8H+y+w=
github.com/docker/distribution v2.7.0+incompatible/go.mod h1:J2gT2udsDAN96Uj4KfcMRqY0/ypR+oyYUYmja8H+y+w=
github.com/docker/docker v0.7.3-0.20181024032540-785fe99bdb7c h1:/FCO5gfXuQbf+e8uHolv1vEFYSe0KcKPqLuOxhP32gY=
github.com/docker/docker v0.7.3-0.20181024032540-785fe99bdb7c/go.mod h1:eEKB0N0r5NX/I1kEveEz05bcu8tLC/8azJZsviup8Sk=
github.com/docker/go-connections v0.4.0 h1:El9xVISelRB7BuFusrZozjnkIM5YnzCViNKohAFqRJQ=
github.com/docker/go-connections v0.4.0/go.mod h1:Gbd7IOopHjR8Iph03tsViu4nIes5XhDvyHbTtUxmeec=
github.com/docker/go-units v0.3.3 h1:Xk8S3Xj5sLGlG5g67hJmYMmUgXv5N4PhkjJHHqrwnTk=
github.com/docker/go-units v0.3.3/go.mod h1:fgPhTUdO+D/Jk86RDLlptpiXQzgHJF7gydDDbaIK4Dk=
github.com/gogo/protobuf v1.2.0 h1:xU6/SpYbvkNYiptHJYEDRseDLvYE7wSqhYYNy0QSUzI=
github.com/gogo/protobuf v1.2.0/go.mod h1:r8qH/GZQm5c6nD/R0oafs1akxWv10x8SbQlK7atdtwQ=
github.com/opencontainers/go-digest v1.0.0-rc1 h1:WzifXhOVOEOuFYOJAW6aQqW0TooG2iki3E3Ii+WN7gQ=
github.com/opencontainers/go-digest v1.0.0-rc1/go.mod h1:cMLVZDEM3+U2I4VmLI6N8jQYUd2OVphdqWwCJHrFt2s=
github.com/opencontainers/image-spec v1.0.1 h1:JMemWkRwHx4Zj+fVxWoMCFm/8sYGGrUVojFA6h/TRcI=
github.com/opencontainers/image-spec v1.0.1/go.mod h1:BtxoFyWECRxE4U/7sNtV5W15zMzWCbyJoFRP3s7yZA0=
github.com/pkg/errors v0.8.0 h1:WdK/asTD0HN+q6hsWO3/vpuAkAr+tw6aNJNDFFf0+qw=
github.com/pkg/errors v0.8.0/go.mod h1:bwawxfHBFNV+L2hUp1rHADufV3IMtnDRdf1r5NINEl0=
github.com/pmezard/go-difflib v1.0.0/go.mod h1:iKH77koFhYxTK1pcRnkKkqfTogsbg7gZNVY4sRDYZ/4=
github.com/stretchr/testify v1.2.2/go.mod h1:a8OnRcib4nhh0OaRAV+Yts87kKdq0PP7pXfy6kDkUVs=
github.com/urfave/cli v1.20.0 h1:fDqGv3UG/4jbVl/QkFwEdddtEDjh/5Ov6X+0B/3bPaw=
github.com/urfave/cli v1.20.0/go.mod h1:70zkFmudgCuE/ngEzBv17Jvp/497gISqfk5gWijbERA=
gitlab.com/gitlab-org/security-products/analyzers/bundler-audit/v2 v2.0.0 h1:e67JlaTbZIRFtOgKCKv7xzmX29zSWukszDfOVL1r798=
gitlab.com/gitlab-org/security-products/analyzers/bundler-audit/v2 v2.0.0/go.mod h1:riRNj89SvGh+yRwJRF6X5RN0MEugFWxGSCYnYVDO1X0=
gitlab.com/gitlab-org/security-products/analyzers/common/orchestrator/v2 v2.0.0-20190130152733-9f0ad391d73c h1:1A+6eeFHoeD6r6mSuseGkGmmqgwDDIj6hRVSPDXxmdM=
gitlab.com/gitlab-org/security-products/analyzers/common/orchestrator/v2 v2.0.0-20190130152733-9f0ad391d73c/go.mod h1:bZOYlVG19cY5bARMOQXo9Vz3Yb6Amv2J1IqxH0+8CiU=
gitlab.com/gitlab-org/security-products/analyzers/common/table/v2 v2.0.0-20190130152733-9f0ad391d73c h1:5SXA//6Q0DZbAE8AvVegJVYGLBMiYaXM9FechB1pfMk=
gitlab.com/gitlab-org/security-products/analyzers/common/table/v2 v2.0.0-20190130152733-9f0ad391d73c/go.mod h1:GLZoQECSPhmrplEqt6QsNBD0xZSORk6ifKOAFT6AHXs=
gitlab.com/gitlab-org/security-products/analyzers/common/v2 v2.0.0/go.mod h1:k+W8TS8696BIs1hhnVGbJbAaAXjvUkVAixhxUOV+KVs=
gitlab.com/gitlab-org/security-products/analyzers/common/v2 v2.1.3 h1:OkoYaTkZj0ag1P8HsYHB1cHUBzo+FBHFmt/Lz6aNry8=
gitlab.com/gitlab-org/security-products/analyzers/common/v2 v2.1.3/go.mod h1:k+W8TS8696BIs1hhnVGbJbAaAXjvUkVAixhxUOV+KVs=
gitlab.com/gitlab-org/security-products/analyzers/gemnasium-maven/v2 v2.0.0 h1:IT9LvtaDv4+LHaA4NP0CCpSjKpqy2G8hplheK0153Mc=
gitlab.com/gitlab-org/security-products/analyzers/gemnasium-maven/v2 v2.0.0/go.mod h1:uW/Z7McxFVRnbnRq8Qt44Nt9hGqIWWQqHGoZq8+W1JU=
gitlab.com/gitlab-org/security-products/analyzers/gemnasium-python/v2 v2.0.0 h1:d4QYwrljfeHd4zQxzzGzxtMLiqtHoNwEhw+rvDFB8To=
gitlab.com/gitlab-org/security-products/analyzers/gemnasium-python/v2 v2.0.0/go.mod h1:TK9G8k07bOlILoxER9EWsyJGjK2YVhBJ6rI+qx+1kgc=
gitlab.com/gitlab-org/security-products/analyzers/gemnasium/v2 v2.0.0/go.mod h1:DsM5PH5y44QGDuYcZ7/ULClTOi0olf7+jip1yoKY84k=
gitlab.com/gitlab-org/security-products/analyzers/retire.js/v2 v2.0.0/go.mod h1:jPSCkuOEDdgv1F4VtmiRbMQBxavDFQ/D9xQM9wjTi6c=
golang.org/x/net v0.0.0-20181207154023-610586996380 h1:zPQexyRtNYBc7bcHmehl1dH6TB3qn8zytv8cBGLDNY0=
golang.org/x/net v0.0.0-20181207154023-610586996380/go.mod h1:mL1N/T3taQHkDXs73rZJwtUhF3w3ftmwwsq0BUmARs4=
golang.org/x/sys v0.0.0-20181218192612-074acd46bca6 h1:MXtOG7w2ND9qNCUZSDBGll/SpVIq7ftozR9I8/JGBHY=
golang.org/x/sys v0.0.0-20181218192612-074acd46bca6/go.mod h1:STP8DvDyc/dI5b8T5hshtkjS+E42TnysNCUPdjciGhY=
gopkg.in/guregu/null.v3 v3.4.0/go.mod h1:E4tX2Qe3h7QdL+uZ3a0vqvYwKQsRSQKM5V4YltdgH9Y=
