github.com/Nvveen/Gotty v0.0.0-20120604004816-cd527374f1e5 h1:TngWCqHvy9oXAN6lEVMRuU21PR1EtLVZJmdB18Gu3Rw=
github.com/Nvveen/Gotty v0.0.0-20120604004816-cd527374f1e5/go.mod h1:lmUJ/7eu/Q8D7ML55dXQrVaamCz2vxCfdQBasLZfHKk=
github.com/bbrks/wrap v2.3.0+incompatible h1:9ebLuiUC/fBSu6OeOdD6XG8WRjf3G+wSJO1YZPU2O9I=
github.com/bbrks/wrap v2.3.0+incompatible/go.mod h1:rc//8Fguf02+4sm0fBMyG1TrAaEhe6VTYM35MY10oO4=
github.com/davecgh/go-spew v1.1.1/go.mod h1:J7Y8YcW2NihsgmVo/mv3lAwl/skON4iLHjSsI+c5H38=
github.com/docker/distribution v2.7.0-rc.0.0.20181002220433-1cb4180b1a5b+incompatible h1:n4a7qrsSAlu07ALkG84Ve8cmiDA2KDv2Zbf4OpsOcn8=
github.com/docker/distribution v2.7.0-rc.0.0.20181002220433-1cb4180b1a5b+incompatible/go.mod h1:J2gT2udsDAN96Uj4KfcMRqY0/ypR+oyYUYmja8H+y+w=
github.com/docker/docker v0.7.3-0.20181024032540-785fe99bdb7c h1:/FCO5gfXuQbf+e8uHolv1vEFYSe0KcKPqLuOxhP32gY=
github.com/docker/docker v0.7.3-0.20181024032540-785fe99bdb7c/go.mod h1:eEKB0N0r5NX/I1kEveEz05bcu8tLC/8azJZsviup8Sk=
github.com/docker/go-connections v0.4.0 h1:El9xVISelRB7BuFusrZozjnkIM5YnzCViNKohAFqRJQ=
github.com/docker/go-connections v0.4.0/go.mod h1:Gbd7IOopHjR8Iph03tsViu4nIes5XhDvyHbTtUxmeec=
github.com/docker/go-units v0.3.3 h1:Xk8S3Xj5sLGlG5g67hJmYMmUgXv5N4PhkjJHHqrwnTk=
github.com/docker/go-units v0.3.3/go.mod h1:fgPhTUdO+D/Jk86RDLlptpiXQzgHJF7gydDDbaIK4Dk=
github.com/gogo/protobuf v1.2.0 h1:xU6/SpYbvkNYiptHJYEDRseDLvYE7wSqhYYNy0QSUzI=
github.com/gogo/protobuf v1.2.0/go.mod h1:r8qH/GZQm5c6nD/R0oafs1akxWv10x8SbQlK7atdtwQ=
github.com/opencontainers/go-digest v1.0.0-rc1 h1:WzifXhOVOEOuFYOJAW6aQqW0TooG2iki3E3Ii+WN7gQ=
github.com/opencontainers/go-digest v1.0.0-rc1/go.mod h1:cMLVZDEM3+U2I4VmLI6N8jQYUd2OVphdqWwCJHrFt2s=
github.com/opencontainers/image-spec v1.0.1 h1:JMemWkRwHx4Zj+fVxWoMCFm/8sYGGrUVojFA6h/TRcI=
github.com/opencontainers/image-spec v1.0.1/go.mod h1:BtxoFyWECRxE4U/7sNtV5W15zMzWCbyJoFRP3s7yZA0=
github.com/pkg/errors v0.8.0 h1:WdK/asTD0HN+q6hsWO3/vpuAkAr+tw6aNJNDFFf0+qw=
github.com/pkg/errors v0.8.0/go.mod h1:bwawxfHBFNV+L2hUp1rHADufV3IMtnDRdf1r5NINEl0=
github.com/pmezard/go-difflib v1.0.0/go.mod h1:iKH77koFhYxTK1pcRnkKkqfTogsbg7gZNVY4sRDYZ/4=
github.com/stretchr/testify v1.2.2/go.mod h1:a8OnRcib4nhh0OaRAV+Yts87kKdq0PP7pXfy6kDkUVs=
github.com/urfave/cli v1.20.0 h1:fDqGv3UG/4jbVl/QkFwEdddtEDjh/5Ov6X+0B/3bPaw=
github.com/urfave/cli v1.20.0/go.mod h1:70zkFmudgCuE/ngEzBv17Jvp/497gISqfk5gWijbERA=
gitlab.com/gitlab-org/security-products/analyzers/bundler-audit v1.1.0 h1:7PUDvFmfz5QIICgOXZLvGFiDtL3y3oKebi2MwFiuoyw=
gitlab.com/gitlab-org/security-products/analyzers/bundler-audit v1.1.0/go.mod h1:jtpR4xdhaHxlLnZoqVvBa4t8kDwp10GcTUI1iRuyx5g=
gitlab.com/gitlab-org/security-products/analyzers/common v1.9.0/go.mod h1:XVRB2qsvmCbl0smHxSC8crPM+/ShFz6aHTygTVbYBR8=
gitlab.com/gitlab-org/security-products/analyzers/common v1.9.2/go.mod h1:XVRB2qsvmCbl0smHxSC8crPM+/ShFz6aHTygTVbYBR8=
gitlab.com/gitlab-org/security-products/analyzers/common/orchestrator v0.0.0-20190130000000-7e7754a36e12 h1:B98AhUXYoKKLrxWOammvXOdTpM75mIL3fBCCF2BcjWo=
gitlab.com/gitlab-org/security-products/analyzers/common/orchestrator v0.0.0-20190130000000-7e7754a36e12/go.mod h1:mklBlH2VAb+ungevwp0gQVC2ErR+Fa/YgvULUgt4/v4=
gitlab.com/gitlab-org/security-products/analyzers/common/table v0.0.0-20190130000000-7e7754a36e12 h1:R04pHpbPPUVv2bj6uhjFvackX/uAxSK9rP7SAKgIsLo=
gitlab.com/gitlab-org/security-products/analyzers/common/table v0.0.0-20190130000000-7e7754a36e12/go.mod h1:y+l4mFoWdZQeY2W5kfMaxO7tguaMNUEuKkbnnMk8RNg=
gitlab.com/gitlab-org/security-products/analyzers/gemnasium v1.1.0 h1:ba7Wt7D98VGYZ08nbnIIdwTZqpZylp19aQS8VfecsSQ=
gitlab.com/gitlab-org/security-products/analyzers/gemnasium v1.1.0/go.mod h1:z9vGd1jVxzg+KJIHSn8M7yJ3aNbrJVbb/S50U4GXr/I=
gitlab.com/gitlab-org/security-products/analyzers/gemnasium-maven v1.1.0 h1:oEyCYuQ2gnUKoxYP+dW12bUxkEyewPrZQk8eOyxTdXk=
gitlab.com/gitlab-org/security-products/analyzers/gemnasium-maven v1.1.0/go.mod h1:sRucErRSABvw4bmpjgIaKW+Chpe9HWfbz3TaQVvLDWQ=
gitlab.com/gitlab-org/security-products/analyzers/gemnasium-python v1.1.0 h1:6ZhX2AMQXrOaFszey7IV9gql68St6ECcbZMuKO+so0A=
gitlab.com/gitlab-org/security-products/analyzers/gemnasium-python v1.1.0/go.mod h1:d3HMe635Noq1MGocBouMGQ61hdS2sEMZLezL8V7u/Ds=
gitlab.com/gitlab-org/security-products/analyzers/retire.js v1.2.0 h1:aHvPiGYj+u3jXHh9QeLYce01GjuS5lFMdMr5PlIPOpE=
gitlab.com/gitlab-org/security-products/analyzers/retire.js v1.2.0/go.mod h1:6saw5kbJsUq8NJhzkVZohz/c2CT9qrF6AwDNk/mYZQM=
golang.org/x/net v0.0.0-20181207154023-610586996380 h1:zPQexyRtNYBc7bcHmehl1dH6TB3qn8zytv8cBGLDNY0=
golang.org/x/net v0.0.0-20181207154023-610586996380/go.mod h1:mL1N/T3taQHkDXs73rZJwtUhF3w3ftmwwsq0BUmARs4=
golang.org/x/sys v0.0.0-20181218192612-074acd46bca6 h1:MXtOG7w2ND9qNCUZSDBGll/SpVIq7ftozR9I8/JGBHY=
golang.org/x/sys v0.0.0-20181218192612-074acd46bca6/go.mod h1:STP8DvDyc/dI5b8T5hshtkjS+E42TnysNCUPdjciGhY=
gopkg.in/guregu/null.v3 v3.4.0/go.mod h1:E4tX2Qe3h7QdL+uZ3a0vqvYwKQsRSQKM5V4YltdgH9Y=
