{
  "name": "sast-test-npm",
  "version": "1.0.0",
  "lockfileVersion": 1,
  "requires": true,
  "dependencies": {
    "ansi2html": {
      "version": "0.0.1",
      "resolved": "https://registry.npmjs.org/ansi2html/-/ansi2html-0.0.1.tgz",
      "integrity": "sha1-u4gARhtECvALkb89c2al4LhHO6g="
    }
  }
}
